// !$*UTF8*$!
{
	archiveVersion = 1;
	classes = {
	};
	objectVersion = 50;
	objects = {

/* Begin PBXBuildFile section */
		1B257FDF2506C8AA00A26854 /* Word.swift in Sources */ = {isa = PBXBuildFile; fileRef = 1B257FDE2506C8AA00A26854 /* Word.swift */; };
		1B257FE12508CEAB00A26854 /* TextBox.swift in Sources */ = {isa = PBXBuildFile; fileRef = 1B257FE02508CEAB00A26854 /* TextBox.swift */; };
		1B257FE425095D3700A26854 /* Circle.swift in Sources */ = {isa = PBXBuildFile; fileRef = 1B257FE325095D3700A26854 /* Circle.swift */; };
		1B32A3E925000ADF005709DC /* AppDelegate.swift in Sources */ = {isa = PBXBuildFile; fileRef = 1B32A3E825000ADF005709DC /* AppDelegate.swift */; };
		1B32A3EB25000ADF005709DC /* SceneDelegate.swift in Sources */ = {isa = PBXBuildFile; fileRef = 1B32A3EA25000ADF005709DC /* SceneDelegate.swift */; };
		1B32A3ED25000ADF005709DC /* ContentView.swift in Sources */ = {isa = PBXBuildFile; fileRef = 1B32A3EC25000ADF005709DC /* ContentView.swift */; };
		1B32A3EF25000AE3005709DC /* Assets.xcassets in Resources */ = {isa = PBXBuildFile; fileRef = 1B32A3EE25000AE3005709DC /* Assets.xcassets */; };
		1B32A3F225000AE3005709DC /* Preview Assets.xcassets in Resources */ = {isa = PBXBuildFile; fileRef = 1B32A3F125000AE3005709DC /* Preview Assets.xcassets */; };
		1B32A3F525000AE3005709DC /* LaunchScreen.storyboard in Resources */ = {isa = PBXBuildFile; fileRef = 1B32A3F325000AE3005709DC /* LaunchScreen.storyboard */; };
		1B5FEA5925595EE90062219F /* DocumentPicker.swift in Sources */ = {isa = PBXBuildFile; fileRef = 1B5FEA5825595EE90062219F /* DocumentPicker.swift */; };
		1B69013F251DE00C0008B0F5 /* Spec.swift in Sources */ = {isa = PBXBuildFile; fileRef = 1B69013E251DE00C0008B0F5 /* Spec.swift */; };
		1B690142251DF3880008B0F5 /* AllCapsButton.swift in Sources */ = {isa = PBXBuildFile; fileRef = 1B690141251DF3880008B0F5 /* AllCapsButton.swift */; };
		1B7436F5252BB93200B01CFC /* FontSettingsView.swift in Sources */ = {isa = PBXBuildFile; fileRef = 1B7436F4252BB93200B01CFC /* FontSettingsView.swift */; };
		1B8654B4250D536400AAF38B /* Container.swift in Sources */ = {isa = PBXBuildFile; fileRef = 1B8654B3250D536400AAF38B /* Container.swift */; };
		1B98EC402526584000A13242 /* ImagePicker.swift in Sources */ = {isa = PBXBuildFile; fileRef = 1B98EC3F2526584000A13242 /* ImagePicker.swift */; };
		1B98EC4925267BB400A13242 /* TextBoxView.swift in Sources */ = {isa = PBXBuildFile; fileRef = 1B98EC4825267BB400A13242 /* TextBoxView.swift */; };
		1B98EC512526804B00A13242 /* TextBoxModifiers.swift in Sources */ = {isa = PBXBuildFile; fileRef = 1B98EC502526804B00A13242 /* TextBoxModifiers.swift */; };
		1B98EC552526809400A13242 /* ImageBoxModifiers.swift in Sources */ = {isa = PBXBuildFile; fileRef = 1B98EC542526809400A13242 /* ImageBoxModifiers.swift */; };
		1B98EC58252680DD00A13242 /* ImageBoxView.swift in Sources */ = {isa = PBXBuildFile; fileRef = 1B98EC57252680DD00A13242 /* ImageBoxView.swift */; };
		1B9CBE8C25607601008BD94A /* ColorPickerView.swift in Sources */ = {isa = PBXBuildFile; fileRef = 1B9CBE8B25607601008BD94A /* ColorPickerView.swift */; };
		1B9CBE8F256076C8008BD94A /* InputTextFieldView.swift in Sources */ = {isa = PBXBuildFile; fileRef = 1B9CBE8E256076C8008BD94A /* InputTextFieldView.swift */; };
		1B9CBE9225607A7D008BD94A /* FontScrollView.swift in Sources */ = {isa = PBXBuildFile; fileRef = 1B9CBE9125607A7D008BD94A /* FontScrollView.swift */; };
		1B9CBE9525607B49008BD94A /* GradientButtonView.swift in Sources */ = {isa = PBXBuildFile; fileRef = 1B9CBE9425607B49008BD94A /* GradientButtonView.swift */; };
		1B9CBE9A25607CBF008BD94A /* FontButtonView.swift in Sources */ = {isa = PBXBuildFile; fileRef = 1B9CBE9925607CBF008BD94A /* FontButtonView.swift */; };
		1B9CBE9D25607FE3008BD94A /* SameWidthButtonView.swift in Sources */ = {isa = PBXBuildFile; fileRef = 1B9CBE9C25607FE3008BD94A /* SameWidthButtonView.swift */; };
		1B9CBEA025608188008BD94A /* CircleButtonView.swift in Sources */ = {isa = PBXBuildFile; fileRef = 1B9CBE9F25608188008BD94A /* CircleButtonView.swift */; };
		1BB6701A2526181D00FF2AA9 /* ImageBox.swift in Sources */ = {isa = PBXBuildFile; fileRef = 1BB670192526181D00FF2AA9 /* ImageBox.swift */; };
		1BB6701E2526198F00FF2AA9 /* BoxProtocol.swift in Sources */ = {isa = PBXBuildFile; fileRef = 1BB6701D2526198F00FF2AA9 /* BoxProtocol.swift */; };
/* End PBXBuildFile section */

/* Begin PBXFileReference section */
		1B257FDE2506C8AA00A26854 /* Word.swift */ = {isa = PBXFileReference; lastKnownFileType = sourcecode.swift; path = Word.swift; sourceTree = "<group>"; };
		1B257FE02508CEAB00A26854 /* TextBox.swift */ = {isa = PBXFileReference; lastKnownFileType = sourcecode.swift; path = TextBox.swift; sourceTree = "<group>"; };
		1B257FE325095D3700A26854 /* Circle.swift */ = {isa = PBXFileReference; lastKnownFileType = sourcecode.swift; path = Circle.swift; sourceTree = "<group>"; };
		1B32A3E525000ADF005709DC /* SwiftUITest.app */ = {isa = PBXFileReference; explicitFileType = wrapper.application; includeInIndex = 0; path = SwiftUITest.app; sourceTree = BUILT_PRODUCTS_DIR; };
		1B32A3E825000ADF005709DC /* AppDelegate.swift */ = {isa = PBXFileReference; lastKnownFileType = sourcecode.swift; path = AppDelegate.swift; sourceTree = "<group>"; };
		1B32A3EA25000ADF005709DC /* SceneDelegate.swift */ = {isa = PBXFileReference; lastKnownFileType = sourcecode.swift; path = SceneDelegate.swift; sourceTree = "<group>"; };
		1B32A3EC25000ADF005709DC /* ContentView.swift */ = {isa = PBXFileReference; lastKnownFileType = sourcecode.swift; path = ContentView.swift; sourceTree = "<group>"; };
		1B32A3EE25000AE3005709DC /* Assets.xcassets */ = {isa = PBXFileReference; lastKnownFileType = folder.assetcatalog; path = Assets.xcassets; sourceTree = "<group>"; };
		1B32A3F125000AE3005709DC /* Preview Assets.xcassets */ = {isa = PBXFileReference; lastKnownFileType = folder.assetcatalog; path = "Preview Assets.xcassets"; sourceTree = "<group>"; };
		1B32A3F425000AE3005709DC /* Base */ = {isa = PBXFileReference; lastKnownFileType = file.storyboard; name = Base; path = Base.lproj/LaunchScreen.storyboard; sourceTree = "<group>"; };
		1B32A3F625000AE3005709DC /* Info.plist */ = {isa = PBXFileReference; lastKnownFileType = text.plist.xml; path = Info.plist; sourceTree = "<group>"; };
		1B5FEA5825595EE90062219F /* DocumentPicker.swift */ = {isa = PBXFileReference; lastKnownFileType = sourcecode.swift; path = DocumentPicker.swift; sourceTree = "<group>"; };
		1B69013E251DE00C0008B0F5 /* Spec.swift */ = {isa = PBXFileReference; lastKnownFileType = sourcecode.swift; path = Spec.swift; sourceTree = "<group>"; };
		1B690141251DF3880008B0F5 /* AllCapsButton.swift */ = {isa = PBXFileReference; lastKnownFileType = sourcecode.swift; path = AllCapsButton.swift; sourceTree = "<group>"; };
		1B7436F4252BB93200B01CFC /* FontSettingsView.swift */ = {isa = PBXFileReference; lastKnownFileType = sourcecode.swift; path = FontSettingsView.swift; sourceTree = "<group>"; };
		1B8654B3250D536400AAF38B /* Container.swift */ = {isa = PBXFileReference; lastKnownFileType = sourcecode.swift; path = Container.swift; sourceTree = "<group>"; };
		1B98EC3F2526584000A13242 /* ImagePicker.swift */ = {isa = PBXFileReference; lastKnownFileType = sourcecode.swift; path = ImagePicker.swift; sourceTree = "<group>"; };
		1B98EC4825267BB400A13242 /* TextBoxView.swift */ = {isa = PBXFileReference; lastKnownFileType = sourcecode.swift; path = TextBoxView.swift; sourceTree = "<group>"; };
		1B98EC502526804B00A13242 /* TextBoxModifiers.swift */ = {isa = PBXFileReference; lastKnownFileType = sourcecode.swift; path = TextBoxModifiers.swift; sourceTree = "<group>"; };
		1B98EC542526809400A13242 /* ImageBoxModifiers.swift */ = {isa = PBXFileReference; lastKnownFileType = sourcecode.swift; path = ImageBoxModifiers.swift; sourceTree = "<group>"; };
		1B98EC57252680DD00A13242 /* ImageBoxView.swift */ = {isa = PBXFileReference; lastKnownFileType = sourcecode.swift; path = ImageBoxView.swift; sourceTree = "<group>"; };
		1B9CBE8B25607601008BD94A /* ColorPickerView.swift */ = {isa = PBXFileReference; lastKnownFileType = sourcecode.swift; path = ColorPickerView.swift; sourceTree = "<group>"; };
		1B9CBE8E256076C8008BD94A /* InputTextFieldView.swift */ = {isa = PBXFileReference; lastKnownFileType = sourcecode.swift; path = InputTextFieldView.swift; sourceTree = "<group>"; };
		1B9CBE9125607A7D008BD94A /* FontScrollView.swift */ = {isa = PBXFileReference; lastKnownFileType = sourcecode.swift; path = FontScrollView.swift; sourceTree = "<group>"; };
		1B9CBE9425607B49008BD94A /* GradientButtonView.swift */ = {isa = PBXFileReference; lastKnownFileType = sourcecode.swift; path = GradientButtonView.swift; sourceTree = "<group>"; };
		1B9CBE9925607CBF008BD94A /* FontButtonView.swift */ = {isa = PBXFileReference; lastKnownFileType = sourcecode.swift; path = FontButtonView.swift; sourceTree = "<group>"; };
		1B9CBE9C25607FE3008BD94A /* SameWidthButtonView.swift */ = {isa = PBXFileReference; lastKnownFileType = sourcecode.swift; path = SameWidthButtonView.swift; sourceTree = "<group>"; };
		1B9CBE9F25608188008BD94A /* CircleButtonView.swift */ = {isa = PBXFileReference; lastKnownFileType = sourcecode.swift; path = CircleButtonView.swift; sourceTree = "<group>"; };
		1BB670192526181D00FF2AA9 /* ImageBox.swift */ = {isa = PBXFileReference; lastKnownFileType = sourcecode.swift; path = ImageBox.swift; sourceTree = "<group>"; };
		1BB6701D2526198F00FF2AA9 /* BoxProtocol.swift */ = {isa = PBXFileReference; lastKnownFileType = sourcecode.swift; path = BoxProtocol.swift; sourceTree = "<group>"; };
/* End PBXFileReference section */

/* Begin PBXFrameworksBuildPhase section */
		1B32A3E225000ADF005709DC /* Frameworks */ = {
			isa = PBXFrameworksBuildPhase;
			buildActionMask = 2147483647;
			files = (
			);
			runOnlyForDeploymentPostprocessing = 0;
		};
/* End PBXFrameworksBuildPhase section */

/* Begin PBXGroup section */
		1B257FE225094A3700A26854 /* CustomClass */ = {
			isa = PBXGroup;
			children = (
				1B8654B3250D536400AAF38B /* Container.swift */,
				1BB670192526181D00FF2AA9 /* ImageBox.swift */,
				1B257FE02508CEAB00A26854 /* TextBox.swift */,
				1B257FDE2506C8AA00A26854 /* Word.swift */,
			);
			path = CustomClass;
			sourceTree = "<group>";
		};
		1B32A3DC25000ADF005709DC = {
			isa = PBXGroup;
			children = (
				1B32A3E725000ADF005709DC /* SwiftUITest */,
				1B32A3E625000ADF005709DC /* Products */,
			);
			sourceTree = "<group>";
		};
		1B32A3E625000ADF005709DC /* Products */ = {
			isa = PBXGroup;
			children = (
				1B32A3E525000ADF005709DC /* SwiftUITest.app */,
			);
			name = Products;
			sourceTree = "<group>";
		};
		1B32A3E725000ADF005709DC /* SwiftUITest */ = {
			isa = PBXGroup;
			children = (
				1B98EC4D25267BE100A13242 /* Protocol */,
				1B98EC4B25267BB900A13242 /* Views */,
				1B257FE225094A3700A26854 /* CustomClass */,
				1B32A3E825000ADF005709DC /* AppDelegate.swift */,
				1B32A3EA25000ADF005709DC /* SceneDelegate.swift */,
				1B32A3EE25000AE3005709DC /* Assets.xcassets */,
				1B32A3F325000AE3005709DC /* LaunchScreen.storyboard */,
				1B32A3F625000AE3005709DC /* Info.plist */,
				1B32A3F025000AE3005709DC /* Preview Content */,
			);
			path = SwiftUITest;
			sourceTree = "<group>";
		};
		1B32A3F025000AE3005709DC /* Preview Content */ = {
			isa = PBXGroup;
			children = (
				1B32A3F125000AE3005709DC /* Preview Assets.xcassets */,
			);
			path = "Preview Content";
			sourceTree = "<group>";
		};
		1B98EC4B25267BB900A13242 /* Views */ = {
			isa = PBXGroup;
			children = (
				1B9CBEA2256081D4008BD94A /* NavigationBar */,
				1B9CBE9725607C32008BD94A /* EditButtons */,
				1B32A3EC25000ADF005709DC /* ContentView.swift */,
				1B98EC57252680DD00A13242 /* ImageBoxView.swift */,
				1B98EC3F2526584000A13242 /* ImagePicker.swift */,
				1B98EC4825267BB400A13242 /* TextBoxView.swift */,
				1B5FEA5825595EE90062219F /* DocumentPicker.swift */,
				1B98EC4F2526803B00A13242 /* ViewModifiers */,
				1B9CBE9125607A7D008BD94A /* FontScrollView.swift */,
			);
			path = Views;
			sourceTree = "<group>";
		};
		1B98EC4D25267BE100A13242 /* Protocol */ = {
			isa = PBXGroup;
			children = (
				1B257FE325095D3700A26854 /* Circle.swift */,
				1BB6701D2526198F00FF2AA9 /* BoxProtocol.swift */,
			);
			path = Protocol;
			sourceTree = "<group>";
		};
		1B98EC4F2526803B00A13242 /* ViewModifiers */ = {
			isa = PBXGroup;
			children = (
				1B98EC542526809400A13242 /* ImageBoxModifiers.swift */,
				1B98EC502526804B00A13242 /* TextBoxModifiers.swift */,
			);
			path = ViewModifiers;
			sourceTree = "<group>";
		};
		1B9CBE9725607C32008BD94A /* EditButtons */ = {
			isa = PBXGroup;
			children = (
				1B690141251DF3880008B0F5 /* AllCapsButton.swift */,
				1B69013E251DE00C0008B0F5 /* Spec.swift */,
				1B9CBE8B25607601008BD94A /* ColorPickerView.swift */,
				1B9CBE9425607B49008BD94A /* GradientButtonView.swift */,
				1B9CBE9925607CBF008BD94A /* FontButtonView.swift */,
				1B9CBE9C25607FE3008BD94A /* SameWidthButtonView.swift */,
				1B9CBE9F25608188008BD94A /* CircleButtonView.swift */,
			);
			path = EditButtons;
			sourceTree = "<group>";
		};
		1B9CBEA2256081D4008BD94A /* NavigationBar */ = {
			isa = PBXGroup;
			children = (
				1B9CBE8E256076C8008BD94A /* InputTextFieldView.swift */,
				1B7436F4252BB93200B01CFC /* FontSettingsView.swift */,
			);
			path = NavigationBar;
			sourceTree = "<group>";
		};
/* End PBXGroup section */

/* Begin PBXNativeTarget section */
		1B32A3E425000ADF005709DC /* SwiftUITest */ = {
			isa = PBXNativeTarget;
			buildConfigurationList = 1B32A3F925000AE3005709DC /* Build configuration list for PBXNativeTarget "SwiftUITest" */;
			buildPhases = (
				1B32A3E125000ADF005709DC /* Sources */,
				1B32A3E225000ADF005709DC /* Frameworks */,
				1B32A3E325000ADF005709DC /* Resources */,
			);
			buildRules = (
			);
			dependencies = (
			);
			name = SwiftUITest;
			productName = SwiftUITest;
			productReference = 1B32A3E525000ADF005709DC /* SwiftUITest.app */;
			productType = "com.apple.product-type.application";
		};
/* End PBXNativeTarget section */

/* Begin PBXProject section */
		1B32A3DD25000ADF005709DC /* Project object */ = {
			isa = PBXProject;
			attributes = {
				LastSwiftUpdateCheck = 1150;
				LastUpgradeCheck = 1200;
				ORGANIZATIONNAME = "Mozes Vidami";
				TargetAttributes = {
					1B32A3E425000ADF005709DC = {
						CreatedOnToolsVersion = 11.5;
					};
				};
			};
			buildConfigurationList = 1B32A3E025000ADF005709DC /* Build configuration list for PBXProject "SwiftUITest" */;
			compatibilityVersion = "Xcode 9.3";
			developmentRegion = en;
			hasScannedForEncodings = 0;
			knownRegions = (
				en,
				Base,
			);
			mainGroup = 1B32A3DC25000ADF005709DC;
			productRefGroup = 1B32A3E625000ADF005709DC /* Products */;
			projectDirPath = "";
			projectRoot = "";
			targets = (
				1B32A3E425000ADF005709DC /* SwiftUITest */,
			);
		};
/* End PBXProject section */

/* Begin PBXResourcesBuildPhase section */
		1B32A3E325000ADF005709DC /* Resources */ = {
			isa = PBXResourcesBuildPhase;
			buildActionMask = 2147483647;
			files = (
				1B32A3F525000AE3005709DC /* LaunchScreen.storyboard in Resources */,
				1B32A3F225000AE3005709DC /* Preview Assets.xcassets in Resources */,
				1B32A3EF25000AE3005709DC /* Assets.xcassets in Resources */,
			);
			runOnlyForDeploymentPostprocessing = 0;
		};
/* End PBXResourcesBuildPhase section */

/* Begin PBXSourcesBuildPhase section */
		1B32A3E125000ADF005709DC /* Sources */ = {
			isa = PBXSourcesBuildPhase;
			buildActionMask = 2147483647;
			files = (
				1B5FEA5925595EE90062219F /* DocumentPicker.swift in Sources */,
				1B98EC552526809400A13242 /* ImageBoxModifiers.swift in Sources */,
				1B98EC58252680DD00A13242 /* ImageBoxView.swift in Sources */,
				1B98EC402526584000A13242 /* ImagePicker.swift in Sources */,
				1B9CBE8C25607601008BD94A /* ColorPickerView.swift in Sources */,
				1B9CBE8F256076C8008BD94A /* InputTextFieldView.swift in Sources */,
				1BB6701A2526181D00FF2AA9 /* ImageBox.swift in Sources */,
				1B690142251DF3880008B0F5 /* AllCapsButton.swift in Sources */,
				1B257FE425095D3700A26854 /* Circle.swift in Sources */,
				1B98EC512526804B00A13242 /* TextBoxModifiers.swift in Sources */,
				1B32A3E925000ADF005709DC /* AppDelegate.swift in Sources */,
				1B9CBE9D25607FE3008BD94A /* SameWidthButtonView.swift in Sources */,
				1B9CBE9525607B49008BD94A /* GradientButtonView.swift in Sources */,
				1B257FDF2506C8AA00A26854 /* Word.swift in Sources */,
				1B7436F5252BB93200B01CFC /* FontSettingsView.swift in Sources */,
				1B32A3EB25000ADF005709DC /* SceneDelegate.swift in Sources */,
				1B8654B4250D536400AAF38B /* Container.swift in Sources */,
				1B9CBE9225607A7D008BD94A /* FontScrollView.swift in Sources */,
				1B69013F251DE00C0008B0F5 /* Spec.swift in Sources */,
				1B257FE12508CEAB00A26854 /* TextBox.swift in Sources */,
				1B98EC4925267BB400A13242 /* TextBoxView.swift in Sources */,
				1B9CBE9A25607CBF008BD94A /* FontButtonView.swift in Sources */,
				1B32A3ED25000ADF005709DC /* ContentView.swift in Sources */,
				1B9CBEA025608188008BD94A /* CircleButtonView.swift in Sources */,
				1BB6701E2526198F00FF2AA9 /* BoxProtocol.swift in Sources */,
			);
			runOnlyForDeploymentPostprocessing = 0;
		};
/* End PBXSourcesBuildPhase section */

/* Begin PBXVariantGroup section */
		1B32A3F325000AE3005709DC /* LaunchScreen.storyboard */ = {
			isa = PBXVariantGroup;
			children = (
				1B32A3F425000AE3005709DC /* Base */,
			);
			name = LaunchScreen.storyboard;
			sourceTree = "<group>";
		};
/* End PBXVariantGroup section */

/* Begin XCBuildConfiguration section */
		1B32A3F725000AE3005709DC /* Debug */ = {
			isa = XCBuildConfiguration;
			buildSettings = {
				ALWAYS_SEARCH_USER_PATHS = NO;
				CLANG_ANALYZER_NONNULL = YES;
				CLANG_ANALYZER_NUMBER_OBJECT_CONVERSION = YES_AGGRESSIVE;
				CLANG_CXX_LANGUAGE_STANDARD = "gnu++14";
				CLANG_CXX_LIBRARY = "libc++";
				CLANG_ENABLE_MODULES = YES;
				CLANG_ENABLE_OBJC_ARC = YES;
				CLANG_ENABLE_OBJC_WEAK = YES;
				CLANG_WARN_BLOCK_CAPTURE_AUTORELEASING = YES;
				CLANG_WARN_BOOL_CONVERSION = YES;
				CLANG_WARN_COMMA = YES;
				CLANG_WARN_CONSTANT_CONVERSION = YES;
				CLANG_WARN_DEPRECATED_OBJC_IMPLEMENTATIONS = YES;
				CLANG_WARN_DIRECT_OBJC_ISA_USAGE = YES_ERROR;
				CLANG_WARN_DOCUMENTATION_COMMENTS = YES;
				CLANG_WARN_EMPTY_BODY = YES;
				CLANG_WARN_ENUM_CONVERSION = YES;
				CLANG_WARN_INFINITE_RECURSION = YES;
				CLANG_WARN_INT_CONVERSION = YES;
				CLANG_WARN_NON_LITERAL_NULL_CONVERSION = YES;
				CLANG_WARN_OBJC_IMPLICIT_RETAIN_SELF = YES;
				CLANG_WARN_OBJC_LITERAL_CONVERSION = YES;
				CLANG_WARN_OBJC_ROOT_CLASS = YES_ERROR;
				CLANG_WARN_QUOTED_INCLUDE_IN_FRAMEWORK_HEADER = YES;
				CLANG_WARN_RANGE_LOOP_ANALYSIS = YES;
				CLANG_WARN_STRICT_PROTOTYPES = YES;
				CLANG_WARN_SUSPICIOUS_MOVE = YES;
				CLANG_WARN_UNGUARDED_AVAILABILITY = YES_AGGRESSIVE;
				CLANG_WARN_UNREACHABLE_CODE = YES;
				CLANG_WARN__DUPLICATE_METHOD_MATCH = YES;
				COPY_PHASE_STRIP = NO;
				DEBUG_INFORMATION_FORMAT = dwarf;
				ENABLE_STRICT_OBJC_MSGSEND = YES;
				ENABLE_TESTABILITY = YES;
				GCC_C_LANGUAGE_STANDARD = gnu11;
				GCC_DYNAMIC_NO_PIC = NO;
				GCC_NO_COMMON_BLOCKS = YES;
				GCC_OPTIMIZATION_LEVEL = 0;
				GCC_PREPROCESSOR_DEFINITIONS = (
					"DEBUG=1",
					"$(inherited)",
				);
				GCC_WARN_64_TO_32_BIT_CONVERSION = YES;
				GCC_WARN_ABOUT_RETURN_TYPE = YES_ERROR;
				GCC_WARN_UNDECLARED_SELECTOR = YES;
				GCC_WARN_UNINITIALIZED_AUTOS = YES_AGGRESSIVE;
				GCC_WARN_UNUSED_FUNCTION = YES;
				GCC_WARN_UNUSED_VARIABLE = YES;
				IPHONEOS_DEPLOYMENT_TARGET = 13.5;
				MTL_ENABLE_DEBUG_INFO = INCLUDE_SOURCE;
				MTL_FAST_MATH = YES;
				ONLY_ACTIVE_ARCH = YES;
				SDKROOT = iphoneos;
				SWIFT_ACTIVE_COMPILATION_CONDITIONS = DEBUG;
				SWIFT_OPTIMIZATION_LEVEL = "-Onone";
			};
			name = Debug;
		};
		1B32A3F825000AE3005709DC /* Release */ = {
			isa = XCBuildConfiguration;
			buildSettings = {
				ALWAYS_SEARCH_USER_PATHS = NO;
				CLANG_ANALYZER_NONNULL = YES;
				CLANG_ANALYZER_NUMBER_OBJECT_CONVERSION = YES_AGGRESSIVE;
				CLANG_CXX_LANGUAGE_STANDARD = "gnu++14";
				CLANG_CXX_LIBRARY = "libc++";
				CLANG_ENABLE_MODULES = YES;
				CLANG_ENABLE_OBJC_ARC = YES;
				CLANG_ENABLE_OBJC_WEAK = YES;
				CLANG_WARN_BLOCK_CAPTURE_AUTORELEASING = YES;
				CLANG_WARN_BOOL_CONVERSION = YES;
				CLANG_WARN_COMMA = YES;
				CLANG_WARN_CONSTANT_CONVERSION = YES;
				CLANG_WARN_DEPRECATED_OBJC_IMPLEMENTATIONS = YES;
				CLANG_WARN_DIRECT_OBJC_ISA_USAGE = YES_ERROR;
				CLANG_WARN_DOCUMENTATION_COMMENTS = YES;
				CLANG_WARN_EMPTY_BODY = YES;
				CLANG_WARN_ENUM_CONVERSION = YES;
				CLANG_WARN_INFINITE_RECURSION = YES;
				CLANG_WARN_INT_CONVERSION = YES;
				CLANG_WARN_NON_LITERAL_NULL_CONVERSION = YES;
				CLANG_WARN_OBJC_IMPLICIT_RETAIN_SELF = YES;
				CLANG_WARN_OBJC_LITERAL_CONVERSION = YES;
				CLANG_WARN_OBJC_ROOT_CLASS = YES_ERROR;
				CLANG_WARN_QUOTED_INCLUDE_IN_FRAMEWORK_HEADER = YES;
				CLANG_WARN_RANGE_LOOP_ANALYSIS = YES;
				CLANG_WARN_STRICT_PROTOTYPES = YES;
				CLANG_WARN_SUSPICIOUS_MOVE = YES;
				CLANG_WARN_UNGUARDED_AVAILABILITY = YES_AGGRESSIVE;
				CLANG_WARN_UNREACHABLE_CODE = YES;
				CLANG_WARN__DUPLICATE_METHOD_MATCH = YES;
				COPY_PHASE_STRIP = NO;
				DEBUG_INFORMATION_FORMAT = "dwarf-with-dsym";
				ENABLE_NS_ASSERTIONS = NO;
				ENABLE_STRICT_OBJC_MSGSEND = YES;
				GCC_C_LANGUAGE_STANDARD = gnu11;
				GCC_NO_COMMON_BLOCKS = YES;
				GCC_WARN_64_TO_32_BIT_CONVERSION = YES;
				GCC_WARN_ABOUT_RETURN_TYPE = YES_ERROR;
				GCC_WARN_UNDECLARED_SELECTOR = YES;
				GCC_WARN_UNINITIALIZED_AUTOS = YES_AGGRESSIVE;
				GCC_WARN_UNUSED_FUNCTION = YES;
				GCC_WARN_UNUSED_VARIABLE = YES;
				IPHONEOS_DEPLOYMENT_TARGET = 13.5;
				MTL_ENABLE_DEBUG_INFO = NO;
				MTL_FAST_MATH = YES;
				SDKROOT = iphoneos;
				SWIFT_COMPILATION_MODE = wholemodule;
				SWIFT_OPTIMIZATION_LEVEL = "-O";
				VALIDATE_PRODUCT = YES;
			};
			name = Release;
		};
		1B32A3FA25000AE3005709DC /* Debug */ = {
			isa = XCBuildConfiguration;
			buildSettings = {
				ASSETCATALOG_COMPILER_APPICON_NAME = AppIcon;
				CODE_SIGN_ENTITLEMENTS = SwiftUITest/SwiftUITest.entitlements;
				CODE_SIGN_STYLE = Automatic;
				DEVELOPMENT_ASSET_PATHS = "\"SwiftUITest/Preview Content\"";
				DEVELOPMENT_TEAM = BYRPM2UDD5;
				ENABLE_PREVIEWS = YES;
				INFOPLIST_FILE = SwiftUITest/Info.plist;
				LD_RUNPATH_SEARCH_PATHS = (
					"$(inherited)",
					"@executable_path/Frameworks",
				);
				PRODUCT_BUNDLE_IDENTIFIER = "Mozes-Vidami.SwiftUITest";
				PRODUCT_NAME = "$(TARGET_NAME)";
				SWIFT_VERSION = 5.0;
				TARGETED_DEVICE_FAMILY = "1,2";
			};
			name = Debug;
		};
		1B32A3FB25000AE3005709DC /* Release */ = {
			isa = XCBuildConfiguration;
			buildSettings = {
				ASSETCATALOG_COMPILER_APPICON_NAME = AppIcon;
				CODE_SIGN_ENTITLEMENTS = SwiftUITest/SwiftUITest.entitlements;
				CODE_SIGN_STYLE = Automatic;
				DEVELOPMENT_ASSET_PATHS = "\"SwiftUITest/Preview Content\"";
				DEVELOPMENT_TEAM = BYRPM2UDD5;
				ENABLE_PREVIEWS = YES;
				INFOPLIST_FILE = SwiftUITest/Info.plist;
				LD_RUNPATH_SEARCH_PATHS = (
					"$(inherited)",
					"@executable_path/Frameworks",
				);
				PRODUCT_BUNDLE_IDENTIFIER = "Mozes-Vidami.SwiftUITest";
				PRODUCT_NAME = "$(TARGET_NAME)";
				SWIFT_VERSION = 5.0;
				TARGETED_DEVICE_FAMILY = "1,2";
			};
			name = Release;
		};
/* End XCBuildConfiguration section */

/* Begin XCConfigurationList section */
		1B32A3E025000ADF005709DC /* Build configuration list for PBXProject "SwiftUITest" */ = {
			isa = XCConfigurationList;
			buildConfigurations = (
				1B32A3F725000AE3005709DC /* Debug */,
				1B32A3F825000AE3005709DC /* Release */,
			);
			defaultConfigurationIsVisible = 0;
			defaultConfigurationName = Release;
		};
		1B32A3F925000AE3005709DC /* Build configuration list for PBXNativeTarget "SwiftUITest" */ = {
			isa = XCConfigurationList;
			buildConfigurations = (
				1B32A3FA25000AE3005709DC /* Debug */,
				1B32A3FB25000AE3005709DC /* Release */,
			);
			defaultConfigurationIsVisible = 0;
			defaultConfigurationName = Release;
		};
/* End XCConfigurationList section */
	};
	rootObject = 1B32A3DD25000ADF005709DC /* Project object */;
}
